
Microsoft Visual Studio Solution File, Format Version 12.00
# Visual Studio Version 17
VisualStudioVersion = 17.2.32516.85
MinimumVisualStudioVersion = 10.0.40219.1
Project("{FAE04EC0-301F-11D3-BF4B-00C04F79EFBC}") = "EfCoreConventionProblem", "EfCoreConventionProblem\EfCoreConventionProblem.csproj", "{D533ADB2-776E-4688-BC03-D5C806304EBC}"
EndProject
Global
	GlobalSection(SolutionConfigurationPlatforms) = preSolution
		Debug|Any CPU = Debug|Any CPU
		Release|Any CPU = Release|Any CPU
	EndGlobalSection
	GlobalSection(ProjectConfigurationPlatforms) = postSolution
		{D533ADB2-776E-4688-BC03-D5C806304EBC}.Debug|Any CPU.ActiveCfg = Debug|Any CPU
		{D533ADB2-776E-4688-BC03-D5C806304EBC}.Debug|Any CPU.Build.0 = Debug|Any CPU
		{D533ADB2-776E-4688-BC03-D5C806304EBC}.Release|Any CPU.ActiveCfg = Release|Any CPU
		{D533ADB2-776E-4688-BC03-D5C806304EBC}.Release|Any CPU.Build.0 = Release|Any CPU
	EndGlobalSection
	GlobalSection(SolutionProperties) = preSolution
		HideSolutionNode = FALSE
	EndGlobalSection
	GlobalSection(ExtensibilityGlobals) = postSolution
		SolutionGuid = {FDF13391-BA96-4617-B12D-1E062A3791EE}
	EndGlobalSection
EndGlobal
